
Microsoft Visual Studio Solution File, Format Version 12.00
# Visual Studio Version 16
VisualStudioVersion = 16.0.31025.194
MinimumVisualStudioVersion = 10.0.40219.1
Project("{FAE04EC0-301F-11D3-BF4B-00C04F79EFBC}") = "WinFormsApp", "WinFormsApp.csproj", "{EDEF50E0-A527-4AC7-902A-DA9ED0CF48E1}"
EndProject
Global
	GlobalSection(SolutionConfigurationPlatforms) = preSolution
		Debug|Any CPU = Debug|Any CPU
		Release|Any CPU = Release|Any CPU
	EndGlobalSection
	GlobalSection(ProjectConfigurationPlatforms) = postSolution
		{EDEF50E0-A527-4AC7-902A-DA9ED0CF48E1}.Debug|Any CPU.ActiveCfg = Debug|Any CPU
		{EDEF50E0-A527-4AC7-902A-DA9ED0CF48E1}.Debug|Any CPU.Build.0 = Debug|Any CPU
		{EDEF50E0-A527-4AC7-902A-DA9ED0CF48E1}.Release|Any CPU.ActiveCfg = Release|Any CPU
		{EDEF50E0-A527-4AC7-902A-DA9ED0CF48E1}.Release|Any CPU.Build.0 = Release|Any CPU
	EndGlobalSection
	GlobalSection(SolutionProperties) = preSolution
		HideSolutionNode = FALSE
	EndGlobalSection
	GlobalSection(ExtensibilityGlobals) = postSolution
		SolutionGuid = {AEA69144-6B70-4277-995B-D2EB5C47687B}
	EndGlobalSection
EndGlobal
